// !$*UTF8*$!
{
	archiveVersion = 1;
	classes = {
	};
	objectVersion = 56;
	objects = {

/* Begin PBXBuildFile section */
		DC0676162B6D5532002C8F6D /* RecipesView.swift in Sources */ = {isa = PBXBuildFile; fileRef = DC0676152B6D5532002C8F6D /* RecipesView.swift */; };
		DC7F2AA22B877D32005A43B0 /* IngredientsView.swift in Sources */ = {isa = PBXBuildFile; fileRef = DC7F2AA12B877D32005A43B0 /* IngredientsView.swift */; };
		DCD0D0742B8DEF2300B2DB2F /* RecipeDetailView.swift in Sources */ = {isa = PBXBuildFile; fileRef = DCD0D0732B8DEF2300B2DB2F /* RecipeDetailView.swift */; };
		DCDDE9492B90B44D00DCC3FA /* IngredientsViewModel.swift in Sources */ = {isa = PBXBuildFile; fileRef = DCDDE9482B90B44D00DCC3FA /* IngredientsViewModel.swift */; };
		DCDDE94B2B90B8DD00DCC3FA /* RecipesViewModel.swift in Sources */ = {isa = PBXBuildFile; fileRef = DCDDE94A2B90B8DD00DCC3FA /* RecipesViewModel.swift */; };
		DCDE87512B628CA300FA55E9 /* VeryYummiApp.swift in Sources */ = {isa = PBXBuildFile; fileRef = DCDE87502B628CA300FA55E9 /* VeryYummiApp.swift */; };
		DCDE87532B628CA300FA55E9 /* ContentView.swift in Sources */ = {isa = PBXBuildFile; fileRef = DCDE87522B628CA300FA55E9 /* ContentView.swift */; };
		DCDE87552B628CA600FA55E9 /* Assets.xcassets in Resources */ = {isa = PBXBuildFile; fileRef = DCDE87542B628CA600FA55E9 /* Assets.xcassets */; };
		DCDE87582B628CA600FA55E9 /* Preview Assets.xcassets in Resources */ = {isa = PBXBuildFile; fileRef = DCDE87572B628CA600FA55E9 /* Preview Assets.xcassets */; };
		DCDE87622B628CA700FA55E9 /* VeryYummiTests.swift in Sources */ = {isa = PBXBuildFile; fileRef = DCDE87612B628CA700FA55E9 /* VeryYummiTests.swift */; };
		DCDE876C2B628CA700FA55E9 /* VeryYummiUITests.swift in Sources */ = {isa = PBXBuildFile; fileRef = DCDE876B2B628CA700FA55E9 /* VeryYummiUITests.swift */; };
		DCDE876E2B628CA700FA55E9 /* VeryYummiUITestsLaunchTests.swift in Sources */ = {isa = PBXBuildFile; fileRef = DCDE876D2B628CA700FA55E9 /* VeryYummiUITestsLaunchTests.swift */; };
		DCDE877D2B628CF000FA55E9 /* Content.swift in Sources */ = {isa = PBXBuildFile; fileRef = DCDE877C2B628CF000FA55E9 /* Content.swift */; };
/* End PBXBuildFile section */

/* Begin PBXContainerItemProxy section */
		DCDE875E2B628CA700FA55E9 /* PBXContainerItemProxy */ = {
			isa = PBXContainerItemProxy;
			containerPortal = DCDE87452B628CA300FA55E9 /* Project object */;
			proxyType = 1;
			remoteGlobalIDString = DCDE874C2B628CA300FA55E9;
			remoteInfo = VeryYummi;
		};
		DCDE87682B628CA700FA55E9 /* PBXContainerItemProxy */ = {
			isa = PBXContainerItemProxy;
			containerPortal = DCDE87452B628CA300FA55E9 /* Project object */;
			proxyType = 1;
			remoteGlobalIDString = DCDE874C2B628CA300FA55E9;
			remoteInfo = VeryYummi;
		};
/* End PBXContainerItemProxy section */

/* Begin PBXFileReference section */
		DC0676152B6D5532002C8F6D /* RecipesView.swift */ = {isa = PBXFileReference; lastKnownFileType = sourcecode.swift; path = RecipesView.swift; sourceTree = "<group>"; };
		DC7F2AA12B877D32005A43B0 /* IngredientsView.swift */ = {isa = PBXFileReference; lastKnownFileType = sourcecode.swift; path = IngredientsView.swift; sourceTree = "<group>"; };
		DCD0D0732B8DEF2300B2DB2F /* RecipeDetailView.swift */ = {isa = PBXFileReference; lastKnownFileType = sourcecode.swift; path = RecipeDetailView.swift; sourceTree = "<group>"; };
		DCDDE9482B90B44D00DCC3FA /* IngredientsViewModel.swift */ = {isa = PBXFileReference; lastKnownFileType = sourcecode.swift; path = IngredientsViewModel.swift; sourceTree = "<group>"; };
		DCDDE94A2B90B8DD00DCC3FA /* RecipesViewModel.swift */ = {isa = PBXFileReference; lastKnownFileType = sourcecode.swift; path = RecipesViewModel.swift; sourceTree = "<group>"; };
		DCDE874D2B628CA300FA55E9 /* VeryYummi.app */ = {isa = PBXFileReference; explicitFileType = wrapper.application; includeInIndex = 0; path = VeryYummi.app; sourceTree = BUILT_PRODUCTS_DIR; };
		DCDE87502B628CA300FA55E9 /* VeryYummiApp.swift */ = {isa = PBXFileReference; lastKnownFileType = sourcecode.swift; path = VeryYummiApp.swift; sourceTree = "<group>"; };
		DCDE87522B628CA300FA55E9 /* ContentView.swift */ = {isa = PBXFileReference; lastKnownFileType = sourcecode.swift; path = ContentView.swift; sourceTree = "<group>"; };
		DCDE87542B628CA600FA55E9 /* Assets.xcassets */ = {isa = PBXFileReference; lastKnownFileType = folder.assetcatalog; path = Assets.xcassets; sourceTree = "<group>"; };
		DCDE87572B628CA600FA55E9 /* Preview Assets.xcassets */ = {isa = PBXFileReference; lastKnownFileType = folder.assetcatalog; path = "Preview Assets.xcassets"; sourceTree = "<group>"; };
		DCDE875D2B628CA700FA55E9 /* VeryYummiTests.xctest */ = {isa = PBXFileReference; explicitFileType = wrapper.cfbundle; includeInIndex = 0; path = VeryYummiTests.xctest; sourceTree = BUILT_PRODUCTS_DIR; };
		DCDE87612B628CA700FA55E9 /* VeryYummiTests.swift */ = {isa = PBXFileReference; lastKnownFileType = sourcecode.swift; path = VeryYummiTests.swift; sourceTree = "<group>"; };
		DCDE87672B628CA700FA55E9 /* VeryYummiUITests.xctest */ = {isa = PBXFileReference; explicitFileType = wrapper.cfbundle; includeInIndex = 0; path = VeryYummiUITests.xctest; sourceTree = BUILT_PRODUCTS_DIR; };
		DCDE876B2B628CA700FA55E9 /* VeryYummiUITests.swift */ = {isa = PBXFileReference; lastKnownFileType = sourcecode.swift; path = VeryYummiUITests.swift; sourceTree = "<group>"; };
		DCDE876D2B628CA700FA55E9 /* VeryYummiUITestsLaunchTests.swift */ = {isa = PBXFileReference; lastKnownFileType = sourcecode.swift; path = VeryYummiUITestsLaunchTests.swift; sourceTree = "<group>"; };
		DCDE877C2B628CF000FA55E9 /* Content.swift */ = {isa = PBXFileReference; lastKnownFileType = sourcecode.swift; path = Content.swift; sourceTree = "<group>"; };
/* End PBXFileReference section */

/* Begin PBXFrameworksBuildPhase section */
		DCDE874A2B628CA300FA55E9 /* Frameworks */ = {
			isa = PBXFrameworksBuildPhase;
			buildActionMask = 2147483647;
			files = (
			);
			runOnlyForDeploymentPostprocessing = 0;
		};
		DCDE875A2B628CA700FA55E9 /* Frameworks */ = {
			isa = PBXFrameworksBuildPhase;
			buildActionMask = 2147483647;
			files = (
			);
			runOnlyForDeploymentPostprocessing = 0;
		};
		DCDE87642B628CA700FA55E9 /* Frameworks */ = {
			isa = PBXFrameworksBuildPhase;
			buildActionMask = 2147483647;
			files = (
			);
			runOnlyForDeploymentPostprocessing = 0;
		};
/* End PBXFrameworksBuildPhase section */

/* Begin PBXGroup section */
		DCDDE9472B90B40500DCC3FA /* ViewModel */ = {
			isa = PBXGroup;
			children = (
				DCDDE9482B90B44D00DCC3FA /* IngredientsViewModel.swift */,
				DCDDE94A2B90B8DD00DCC3FA /* RecipesViewModel.swift */,
			);
			path = ViewModel;
			sourceTree = "<group>";
		};
		DCDE87442B628CA300FA55E9 = {
			isa = PBXGroup;
			children = (
				DCDE874F2B628CA300FA55E9 /* VeryYummi */,
				DCDE87602B628CA700FA55E9 /* VeryYummiTests */,
				DCDE876A2B628CA700FA55E9 /* VeryYummiUITests */,
				DCDE874E2B628CA300FA55E9 /* Products */,
			);
			sourceTree = "<group>";
		};
		DCDE874E2B628CA300FA55E9 /* Products */ = {
			isa = PBXGroup;
			children = (
				DCDE874D2B628CA300FA55E9 /* VeryYummi.app */,
				DCDE875D2B628CA700FA55E9 /* VeryYummiTests.xctest */,
				DCDE87672B628CA700FA55E9 /* VeryYummiUITests.xctest */,
			);
			name = Products;
			sourceTree = "<group>";
		};
		DCDE874F2B628CA300FA55E9 /* VeryYummi */ = {
			isa = PBXGroup;
			children = (
				DCDE87502B628CA300FA55E9 /* VeryYummiApp.swift */,
				DCDDE9472B90B40500DCC3FA /* ViewModel */,
				DCDE877A2B628CD500FA55E9 /* Views */,
				DCDE877B2B628CE100FA55E9 /* Content */,
				DCDE87542B628CA600FA55E9 /* Assets.xcassets */,
				DCDE87562B628CA600FA55E9 /* Preview Content */,
			);
			path = VeryYummi;
			sourceTree = "<group>";
		};
		DCDE87562B628CA600FA55E9 /* Preview Content */ = {
			isa = PBXGroup;
			children = (
				DCDE87572B628CA600FA55E9 /* Preview Assets.xcassets */,
			);
			path = "Preview Content";
			sourceTree = "<group>";
		};
		DCDE87602B628CA700FA55E9 /* VeryYummiTests */ = {
			isa = PBXGroup;
			children = (
				DCDE87612B628CA700FA55E9 /* VeryYummiTests.swift */,
			);
			path = VeryYummiTests;
			sourceTree = "<group>";
		};
		DCDE876A2B628CA700FA55E9 /* VeryYummiUITests */ = {
			isa = PBXGroup;
			children = (
				DCDE876B2B628CA700FA55E9 /* VeryYummiUITests.swift */,
				DCDE876D2B628CA700FA55E9 /* VeryYummiUITestsLaunchTests.swift */,
			);
			path = VeryYummiUITests;
			sourceTree = "<group>";
		};
		DCDE877A2B628CD500FA55E9 /* Views */ = {
			isa = PBXGroup;
			children = (
				DCDE87522B628CA300FA55E9 /* ContentView.swift */,
				DC7F2AA12B877D32005A43B0 /* IngredientsView.swift */,
				DC0676152B6D5532002C8F6D /* RecipesView.swift */,
				DCD0D0732B8DEF2300B2DB2F /* RecipeDetailView.swift */,
			);
			path = Views;
			sourceTree = "<group>";
		};
		DCDE877B2B628CE100FA55E9 /* Content */ = {
			isa = PBXGroup;
			children = (
				DCDE877C2B628CF000FA55E9 /* Content.swift */,
			);
			path = Content;
			sourceTree = "<group>";
		};
/* End PBXGroup section */

/* Begin PBXNativeTarget section */
		DCDE874C2B628CA300FA55E9 /* VeryYummi */ = {
			isa = PBXNativeTarget;
			buildConfigurationList = DCDE87712B628CA700FA55E9 /* Build configuration list for PBXNativeTarget "VeryYummi" */;
			buildPhases = (
				DCDE87492B628CA300FA55E9 /* Sources */,
				DCDE874A2B628CA300FA55E9 /* Frameworks */,
				DCDE874B2B628CA300FA55E9 /* Resources */,
			);
			buildRules = (
			);
			dependencies = (
			);
			name = VeryYummi;
			productName = VeryYummi;
			productReference = DCDE874D2B628CA300FA55E9 /* VeryYummi.app */;
			productType = "com.apple.product-type.application";
		};
		DCDE875C2B628CA700FA55E9 /* VeryYummiTests */ = {
			isa = PBXNativeTarget;
			buildConfigurationList = DCDE87742B628CA700FA55E9 /* Build configuration list for PBXNativeTarget "VeryYummiTests" */;
			buildPhases = (
				DCDE87592B628CA700FA55E9 /* Sources */,
				DCDE875A2B628CA700FA55E9 /* Frameworks */,
				DCDE875B2B628CA700FA55E9 /* Resources */,
			);
			buildRules = (
			);
			dependencies = (
				DCDE875F2B628CA700FA55E9 /* PBXTargetDependency */,
			);
			name = VeryYummiTests;
			productName = VeryYummiTests;
			productReference = DCDE875D2B628CA700FA55E9 /* VeryYummiTests.xctest */;
			productType = "com.apple.product-type.bundle.unit-test";
		};
		DCDE87662B628CA700FA55E9 /* VeryYummiUITests */ = {
			isa = PBXNativeTarget;
			buildConfigurationList = DCDE87772B628CA700FA55E9 /* Build configuration list for PBXNativeTarget "VeryYummiUITests" */;
			buildPhases = (
				DCDE87632B628CA700FA55E9 /* Sources */,
				DCDE87642B628CA700FA55E9 /* Frameworks */,
				DCDE87652B628CA700FA55E9 /* Resources */,
			);
			buildRules = (
			);
			dependencies = (
				DCDE87692B628CA700FA55E9 /* PBXTargetDependency */,
			);
			name = VeryYummiUITests;
			productName = VeryYummiUITests;
			productReference = DCDE87672B628CA700FA55E9 /* VeryYummiUITests.xctest */;
			productType = "com.apple.product-type.bundle.ui-testing";
		};
/* End PBXNativeTarget section */

/* Begin PBXProject section */
		DCDE87452B628CA300FA55E9 /* Project object */ = {
			isa = PBXProject;
			attributes = {
				BuildIndependentTargetsInParallel = 1;
				LastSwiftUpdateCheck = 1520;
				LastUpgradeCheck = 1520;
				TargetAttributes = {
					DCDE874C2B628CA300FA55E9 = {
						CreatedOnToolsVersion = 15.2;
					};
					DCDE875C2B628CA700FA55E9 = {
						CreatedOnToolsVersion = 15.2;
						TestTargetID = DCDE874C2B628CA300FA55E9;
					};
					DCDE87662B628CA700FA55E9 = {
						CreatedOnToolsVersion = 15.2;
						TestTargetID = DCDE874C2B628CA300FA55E9;
					};
				};
			};
			buildConfigurationList = DCDE87482B628CA300FA55E9 /* Build configuration list for PBXProject "VeryYummi" */;
			compatibilityVersion = "Xcode 14.0";
			developmentRegion = en;
			hasScannedForEncodings = 0;
			knownRegions = (
				en,
				Base,
			);
			mainGroup = DCDE87442B628CA300FA55E9;
			productRefGroup = DCDE874E2B628CA300FA55E9 /* Products */;
			projectDirPath = "";
			projectRoot = "";
			targets = (
				DCDE874C2B628CA300FA55E9 /* VeryYummi */,
				DCDE875C2B628CA700FA55E9 /* VeryYummiTests */,
				DCDE87662B628CA700FA55E9 /* VeryYummiUITests */,
			);
		};
/* End PBXProject section */

/* Begin PBXResourcesBuildPhase section */
		DCDE874B2B628CA300FA55E9 /* Resources */ = {
			isa = PBXResourcesBuildPhase;
			buildActionMask = 2147483647;
			files = (
				DCDE87582B628CA600FA55E9 /* Preview Assets.xcassets in Resources */,
				DCDE87552B628CA600FA55E9 /* Assets.xcassets in Resources */,
			);
			runOnlyForDeploymentPostprocessing = 0;
		};
		DCDE875B2B628CA700FA55E9 /* Resources */ = {
			isa = PBXResourcesBuildPhase;
			buildActionMask = 2147483647;
			files = (
			);
			runOnlyForDeploymentPostprocessing = 0;
		};
		DCDE87652B628CA700FA55E9 /* Resources */ = {
			isa = PBXResourcesBuildPhase;
			buildActionMask = 2147483647;
			files = (
			);
			runOnlyForDeploymentPostprocessing = 0;
		};
/* End PBXResourcesBuildPhase section */

/* Begin PBXSourcesBuildPhase section */
		DCDE87492B628CA300FA55E9 /* Sources */ = {
			isa = PBXSourcesBuildPhase;
			buildActionMask = 2147483647;
			files = (
				DCDDE94B2B90B8DD00DCC3FA /* RecipesViewModel.swift in Sources */,
				DCDE87532B628CA300FA55E9 /* ContentView.swift in Sources */,
				DCD0D0742B8DEF2300B2DB2F /* RecipeDetailView.swift in Sources */,
				DC7F2AA22B877D32005A43B0 /* IngredientsView.swift in Sources */,
				DCDDE9492B90B44D00DCC3FA /* IngredientsViewModel.swift in Sources */,
				DCDE87512B628CA300FA55E9 /* VeryYummiApp.swift in Sources */,
				DC0676162B6D5532002C8F6D /* RecipesView.swift in Sources */,
				DCDE877D2B628CF000FA55E9 /* Content.swift in Sources */,
			);
			runOnlyForDeploymentPostprocessing = 0;
		};
		DCDE87592B628CA700FA55E9 /* Sources */ = {
			isa = PBXSourcesBuildPhase;
			buildActionMask = 2147483647;
			files = (
				DCDE87622B628CA700FA55E9 /* VeryYummiTests.swift in Sources */,
			);
			runOnlyForDeploymentPostprocessing = 0;
		};
		DCDE87632B628CA700FA55E9 /* Sources */ = {
			isa = PBXSourcesBuildPhase;
			buildActionMask = 2147483647;
			files = (
				DCDE876E2B628CA700FA55E9 /* VeryYummiUITestsLaunchTests.swift in Sources */,
				DCDE876C2B628CA700FA55E9 /* VeryYummiUITests.swift in Sources */,
			);
			runOnlyForDeploymentPostprocessing = 0;
		};
/* End PBXSourcesBuildPhase section */

/* Begin PBXTargetDependency section */
		DCDE875F2B628CA700FA55E9 /* PBXTargetDependency */ = {
			isa = PBXTargetDependency;
			target = DCDE874C2B628CA300FA55E9 /* VeryYummi */;
			targetProxy = DCDE875E2B628CA700FA55E9 /* PBXContainerItemProxy */;
		};
		DCDE87692B628CA700FA55E9 /* PBXTargetDependency */ = {
			isa = PBXTargetDependency;
			target = DCDE874C2B628CA300FA55E9 /* VeryYummi */;
			targetProxy = DCDE87682B628CA700FA55E9 /* PBXContainerItemProxy */;
		};
/* End PBXTargetDependency section */

/* Begin XCBuildConfiguration section */
		DCDE876F2B628CA700FA55E9 /* Debug */ = {
			isa = XCBuildConfiguration;
			buildSettings = {
				ALWAYS_SEARCH_USER_PATHS = NO;
				ASSETCATALOG_COMPILER_GENERATE_SWIFT_ASSET_SYMBOL_EXTENSIONS = YES;
				CLANG_ANALYZER_NONNULL = YES;
				CLANG_ANALYZER_NUMBER_OBJECT_CONVERSION = YES_AGGRESSIVE;
				CLANG_CXX_LANGUAGE_STANDARD = "gnu++20";
				CLANG_ENABLE_MODULES = YES;
				CLANG_ENABLE_OBJC_ARC = YES;
				CLANG_ENABLE_OBJC_WEAK = YES;
				CLANG_WARN_BLOCK_CAPTURE_AUTORELEASING = YES;
				CLANG_WARN_BOOL_CONVERSION = YES;
				CLANG_WARN_COMMA = YES;
				CLANG_WARN_CONSTANT_CONVERSION = YES;
				CLANG_WARN_DEPRECATED_OBJC_IMPLEMENTATIONS = YES;
				CLANG_WARN_DIRECT_OBJC_ISA_USAGE = YES_ERROR;
				CLANG_WARN_DOCUMENTATION_COMMENTS = YES;
				CLANG_WARN_EMPTY_BODY = YES;
				CLANG_WARN_ENUM_CONVERSION = YES;
				CLANG_WARN_INFINITE_RECURSION = YES;
				CLANG_WARN_INT_CONVERSION = YES;
				CLANG_WARN_NON_LITERAL_NULL_CONVERSION = YES;
				CLANG_WARN_OBJC_IMPLICIT_RETAIN_SELF = YES;
				CLANG_WARN_OBJC_LITERAL_CONVERSION = YES;
				CLANG_WARN_OBJC_ROOT_CLASS = YES_ERROR;
				CLANG_WARN_QUOTED_INCLUDE_IN_FRAMEWORK_HEADER = YES;
				CLANG_WARN_RANGE_LOOP_ANALYSIS = YES;
				CLANG_WARN_STRICT_PROTOTYPES = YES;
				CLANG_WARN_SUSPICIOUS_MOVE = YES;
				CLANG_WARN_UNGUARDED_AVAILABILITY = YES_AGGRESSIVE;
				CLANG_WARN_UNREACHABLE_CODE = YES;
				CLANG_WARN__DUPLICATE_METHOD_MATCH = YES;
				COPY_PHASE_STRIP = NO;
				DEBUG_INFORMATION_FORMAT = dwarf;
				ENABLE_STRICT_OBJC_MSGSEND = YES;
				ENABLE_TESTABILITY = YES;
				ENABLE_USER_SCRIPT_SANDBOXING = YES;
				GCC_C_LANGUAGE_STANDARD = gnu17;
				GCC_DYNAMIC_NO_PIC = NO;
				GCC_NO_COMMON_BLOCKS = YES;
				GCC_OPTIMIZATION_LEVEL = 0;
				GCC_PREPROCESSOR_DEFINITIONS = (
					"DEBUG=1",
					"$(inherited)",
				);
				GCC_WARN_64_TO_32_BIT_CONVERSION = YES;
				GCC_WARN_ABOUT_RETURN_TYPE = YES_ERROR;
				GCC_WARN_UNDECLARED_SELECTOR = YES;
				GCC_WARN_UNINITIALIZED_AUTOS = YES_AGGRESSIVE;
				GCC_WARN_UNUSED_FUNCTION = YES;
				GCC_WARN_UNUSED_VARIABLE = YES;
				IPHONEOS_DEPLOYMENT_TARGET = 17.2;
				LOCALIZATION_PREFERS_STRING_CATALOGS = YES;
				MTL_ENABLE_DEBUG_INFO = INCLUDE_SOURCE;
				MTL_FAST_MATH = YES;
				ONLY_ACTIVE_ARCH = YES;
				SDKROOT = iphoneos;
				SWIFT_ACTIVE_COMPILATION_CONDITIONS = "DEBUG $(inherited)";
				SWIFT_OPTIMIZATION_LEVEL = "-Onone";
			};
			name = Debug;
		};
		DCDE87702B628CA700FA55E9 /* Release */ = {
			isa = XCBuildConfiguration;
			buildSettings = {
				ALWAYS_SEARCH_USER_PATHS = NO;
				ASSETCATALOG_COMPILER_GENERATE_SWIFT_ASSET_SYMBOL_EXTENSIONS = YES;
				CLANG_ANALYZER_NONNULL = YES;
				CLANG_ANALYZER_NUMBER_OBJECT_CONVERSION = YES_AGGRESSIVE;
				CLANG_CXX_LANGUAGE_STANDARD = "gnu++20";
				CLANG_ENABLE_MODULES = YES;
				CLANG_ENABLE_OBJC_ARC = YES;
				CLANG_ENABLE_OBJC_WEAK = YES;
				CLANG_WARN_BLOCK_CAPTURE_AUTORELEASING = YES;
				CLANG_WARN_BOOL_CONVERSION = YES;
				CLANG_WARN_COMMA = YES;
				CLANG_WARN_CONSTANT_CONVERSION = YES;
				CLANG_WARN_DEPRECATED_OBJC_IMPLEMENTATIONS = YES;
				CLANG_WARN_DIRECT_OBJC_ISA_USAGE = YES_ERROR;
				CLANG_WARN_DOCUMENTATION_COMMENTS = YES;
				CLANG_WARN_EMPTY_BODY = YES;
				CLANG_WARN_ENUM_CONVERSION = YES;
				CLANG_WARN_INFINITE_RECURSION = YES;
				CLANG_WARN_INT_CONVERSION = YES;
				CLANG_WARN_NON_LITERAL_NULL_CONVERSION = YES;
				CLANG_WARN_OBJC_IMPLICIT_RETAIN_SELF = YES;
				CLANG_WARN_OBJC_LITERAL_CONVERSION = YES;
				CLANG_WARN_OBJC_ROOT_CLASS = YES_ERROR;
				CLANG_WARN_QUOTED_INCLUDE_IN_FRAMEWORK_HEADER = YES;
				CLANG_WARN_RANGE_LOOP_ANALYSIS = YES;
				CLANG_WARN_STRICT_PROTOTYPES = YES;
				CLANG_WARN_SUSPICIOUS_MOVE = YES;
				CLANG_WARN_UNGUARDED_AVAILABILITY = YES_AGGRESSIVE;
				CLANG_WARN_UNREACHABLE_CODE = YES;
				CLANG_WARN__DUPLICATE_METHOD_MATCH = YES;
				COPY_PHASE_STRIP = NO;
				DEBUG_INFORMATION_FORMAT = "dwarf-with-dsym";
				ENABLE_NS_ASSERTIONS = NO;
				ENABLE_STRICT_OBJC_MSGSEND = YES;
				ENABLE_USER_SCRIPT_SANDBOXING = YES;
				GCC_C_LANGUAGE_STANDARD = gnu17;
				GCC_NO_COMMON_BLOCKS = YES;
				GCC_WARN_64_TO_32_BIT_CONVERSION = YES;
				GCC_WARN_ABOUT_RETURN_TYPE = YES_ERROR;
				GCC_WARN_UNDECLARED_SELECTOR = YES;
				GCC_WARN_UNINITIALIZED_AUTOS = YES_AGGRESSIVE;
				GCC_WARN_UNUSED_FUNCTION = YES;
				GCC_WARN_UNUSED_VARIABLE = YES;
				IPHONEOS_DEPLOYMENT_TARGET = 17.2;
				LOCALIZATION_PREFERS_STRING_CATALOGS = YES;
				MTL_ENABLE_DEBUG_INFO = NO;
				MTL_FAST_MATH = YES;
				SDKROOT = iphoneos;
				SWIFT_COMPILATION_MODE = wholemodule;
				VALIDATE_PRODUCT = YES;
			};
			name = Release;
		};
		DCDE87722B628CA700FA55E9 /* Debug */ = {
			isa = XCBuildConfiguration;
			buildSettings = {
				ASSETCATALOG_COMPILER_APPICON_NAME = AppIcon;
				ASSETCATALOG_COMPILER_GLOBAL_ACCENT_COLOR_NAME = AccentColor;
				CODE_SIGN_STYLE = Automatic;
				CURRENT_PROJECT_VERSION = 1;
				DEVELOPMENT_ASSET_PATHS = "\"VeryYummi/Preview Content\"";
				ENABLE_PREVIEWS = YES;
				GENERATE_INFOPLIST_FILE = YES;
				INFOPLIST_KEY_UIApplicationSceneManifest_Generation = YES;
				INFOPLIST_KEY_UIApplicationSupportsIndirectInputEvents = YES;
				INFOPLIST_KEY_UILaunchScreen_Generation = YES;
				INFOPLIST_KEY_UISupportedInterfaceOrientations_iPad = "UIInterfaceOrientationPortrait UIInterfaceOrientationPortraitUpsideDown UIInterfaceOrientationLandscapeLeft UIInterfaceOrientationLandscapeRight";
				INFOPLIST_KEY_UISupportedInterfaceOrientations_iPhone = "UIInterfaceOrientationPortrait UIInterfaceOrientationLandscapeLeft UIInterfaceOrientationLandscapeRight";
				LD_RUNPATH_SEARCH_PATHS = (
					"$(inherited)",
					"@executable_path/Frameworks",
				);
				MARKETING_VERSION = 1.0;
				PRODUCT_BUNDLE_IDENTIFIER = tomaslopezvalcarcel.VeryYummi;
				PRODUCT_NAME = "$(TARGET_NAME)";
				SWIFT_EMIT_LOC_STRINGS = YES;
				SWIFT_VERSION = 5.0;
				TARGETED_DEVICE_FAMILY = "1,2";
			};
			name = Debug;
		};
		DCDE87732B628CA700FA55E9 /* Release */ = {
			isa = XCBuildConfiguration;
			buildSettings = {
				ASSETCATALOG_COMPILER_APPICON_NAME = AppIcon;
				ASSETCATALOG_COMPILER_GLOBAL_ACCENT_COLOR_NAME = AccentColor;
				CODE_SIGN_STYLE = Automatic;
				CURRENT_PROJECT_VERSION = 1;
				DEVELOPMENT_ASSET_PATHS = "\"VeryYummi/Preview Content\"";
				ENABLE_PREVIEWS = YES;
				GENERATE_INFOPLIST_FILE = YES;
				INFOPLIST_KEY_UIApplicationSceneManifest_Generation = YES;
				INFOPLIST_KEY_UIApplicationSupportsIndirectInputEvents = YES;
				INFOPLIST_KEY_UILaunchScreen_Generation = YES;
				INFOPLIST_KEY_UISupportedInterfaceOrientations_iPad = "UIInterfaceOrientationPortrait UIInterfaceOrientationPortraitUpsideDown UIInterfaceOrientationLandscapeLeft UIInterfaceOrientationLandscapeRight";
				INFOPLIST_KEY_UISupportedInterfaceOrientations_iPhone = "UIInterfaceOrientationPortrait UIInterfaceOrientationLandscapeLeft UIInterfaceOrientationLandscapeRight";
				LD_RUNPATH_SEARCH_PATHS = (
					"$(inherited)",
					"@executable_path/Frameworks",
				);
				MARKETING_VERSION = 1.0;
				PRODUCT_BUNDLE_IDENTIFIER = tomaslopezvalcarcel.VeryYummi;
				PRODUCT_NAME = "$(TARGET_NAME)";
				SWIFT_EMIT_LOC_STRINGS = YES;
				SWIFT_VERSION = 5.0;
				TARGETED_DEVICE_FAMILY = "1,2";
			};
			name = Release;
		};
		DCDE87752B628CA700FA55E9 /* Debug */ = {
			isa = XCBuildConfiguration;
			buildSettings = {
				ALWAYS_EMBED_SWIFT_STANDARD_LIBRARIES = YES;
				BUNDLE_LOADER = "$(TEST_HOST)";
				CODE_SIGN_STYLE = Automatic;
				CURRENT_PROJECT_VERSION = 1;
				GENERATE_INFOPLIST_FILE = YES;
				IPHONEOS_DEPLOYMENT_TARGET = 17.2;
				MARKETING_VERSION = 1.0;
				PRODUCT_BUNDLE_IDENTIFIER = tomaslopezvalcarcel.VeryYummiTests;
				PRODUCT_NAME = "$(TARGET_NAME)";
				SWIFT_EMIT_LOC_STRINGS = NO;
				SWIFT_VERSION = 5.0;
				TARGETED_DEVICE_FAMILY = "1,2";
				TEST_HOST = "$(BUILT_PRODUCTS_DIR)/VeryYummi.app/$(BUNDLE_EXECUTABLE_FOLDER_PATH)/VeryYummi";
			};
			name = Debug;
		};
		DCDE87762B628CA700FA55E9 /* Release */ = {
			isa = XCBuildConfiguration;
			buildSettings = {
				ALWAYS_EMBED_SWIFT_STANDARD_LIBRARIES = YES;
				BUNDLE_LOADER = "$(TEST_HOST)";
				CODE_SIGN_STYLE = Automatic;
				CURRENT_PROJECT_VERSION = 1;
				GENERATE_INFOPLIST_FILE = YES;
				IPHONEOS_DEPLOYMENT_TARGET = 17.2;
				MARKETING_VERSION = 1.0;
				PRODUCT_BUNDLE_IDENTIFIER = tomaslopezvalcarcel.VeryYummiTests;
				PRODUCT_NAME = "$(TARGET_NAME)";
				SWIFT_EMIT_LOC_STRINGS = NO;
				SWIFT_VERSION = 5.0;
				TARGETED_DEVICE_FAMILY = "1,2";
				TEST_HOST = "$(BUILT_PRODUCTS_DIR)/VeryYummi.app/$(BUNDLE_EXECUTABLE_FOLDER_PATH)/VeryYummi";
			};
			name = Release;
		};
		DCDE87782B628CA700FA55E9 /* Debug */ = {
			isa = XCBuildConfiguration;
			buildSettings = {
				ALWAYS_EMBED_SWIFT_STANDARD_LIBRARIES = YES;
				CODE_SIGN_STYLE = Automatic;
				CURRENT_PROJECT_VERSION = 1;
				GENERATE_INFOPLIST_FILE = YES;
				MARKETING_VERSION = 1.0;
				PRODUCT_BUNDLE_IDENTIFIER = tomaslopezvalcarcel.VeryYummiUITests;
				PRODUCT_NAME = "$(TARGET_NAME)";
				SWIFT_EMIT_LOC_STRINGS = NO;
				SWIFT_VERSION = 5.0;
				TARGETED_DEVICE_FAMILY = "1,2";
				TEST_TARGET_NAME = VeryYummi;
			};
			name = Debug;
		};
		DCDE87792B628CA700FA55E9 /* Release */ = {
			isa = XCBuildConfiguration;
			buildSettings = {
				ALWAYS_EMBED_SWIFT_STANDARD_LIBRARIES = YES;
				CODE_SIGN_STYLE = Automatic;
				CURRENT_PROJECT_VERSION = 1;
				GENERATE_INFOPLIST_FILE = YES;
				MARKETING_VERSION = 1.0;
				PRODUCT_BUNDLE_IDENTIFIER = tomaslopezvalcarcel.VeryYummiUITests;
				PRODUCT_NAME = "$(TARGET_NAME)";
				SWIFT_EMIT_LOC_STRINGS = NO;
				SWIFT_VERSION = 5.0;
				TARGETED_DEVICE_FAMILY = "1,2";
				TEST_TARGET_NAME = VeryYummi;
			};
			name = Release;
		};
/* End XCBuildConfiguration section */

/* Begin XCConfigurationList section */
		DCDE87482B628CA300FA55E9 /* Build configuration list for PBXProject "VeryYummi" */ = {
			isa = XCConfigurationList;
			buildConfigurations = (
				DCDE876F2B628CA700FA55E9 /* Debug */,
				DCDE87702B628CA700FA55E9 /* Release */,
			);
			defaultConfigurationIsVisible = 0;
			defaultConfigurationName = Release;
		};
		DCDE87712B628CA700FA55E9 /* Build configuration list for PBXNativeTarget "VeryYummi" */ = {
			isa = XCConfigurationList;
			buildConfigurations = (
				DCDE87722B628CA700FA55E9 /* Debug */,
				DCDE87732B628CA700FA55E9 /* Release */,
			);
			defaultConfigurationIsVisible = 0;
			defaultConfigurationName = Release;
		};
		DCDE87742B628CA700FA55E9 /* Build configuration list for PBXNativeTarget "VeryYummiTests" */ = {
			isa = XCConfigurationList;
			buildConfigurations = (
				DCDE87752B628CA700FA55E9 /* Debug */,
				DCDE87762B628CA700FA55E9 /* Release */,
			);
			defaultConfigurationIsVisible = 0;
			defaultConfigurationName = Release;
		};
		DCDE87772B628CA700FA55E9 /* Build configuration list for PBXNativeTarget "VeryYummiUITests" */ = {
			isa = XCConfigurationList;
			buildConfigurations = (
				DCDE87782B628CA700FA55E9 /* Debug */,
				DCDE87792B628CA700FA55E9 /* Release */,
			);
			defaultConfigurationIsVisible = 0;
			defaultConfigurationName = Release;
		};
/* End XCConfigurationList section */
	};
	rootObject = DCDE87452B628CA300FA55E9 /* Project object */;
}
